
Microsoft Visual Studio Solution File, Format Version 12.00
# Visual Studio Version 16
VisualStudioVersion = 16.0.30907.101
MinimumVisualStudioVersion = 10.0.40219.1
Project("{9A19103F-16F7-4668-BE54-9A1E7A4F7556}") = "DataAccess", "DataAccess\DataAccess.csproj", "{05D0C392-21B6-40F4-9DC1-36084998C3EF}"
EndProject
Project("{9A19103F-16F7-4668-BE54-9A1E7A4F7556}") = "Business", "Business\Business.csproj", "{11FDB5F4-89C1-4911-B6EC-8C708779E92A}"
EndProject
Project("{9A19103F-16F7-4668-BE54-9A1E7A4F7556}") = "Entities", "Entities\Entities.csproj", "{236DF79A-80FF-464E-9B69-FDEEC983BA0A}"
EndProject
Project("{9A19103F-16F7-4668-BE54-9A1E7A4F7556}") = "ConsoleUI", "ConsoleUI\ConsoleUI.csproj", "{2D7CE25F-A2CA-4924-B377-737059F9E5E9}"
EndProject
Project("{9A19103F-16F7-4668-BE54-9A1E7A4F7556}") = "Core", "Core\Core.csproj", "{52DF7C5A-6409-429B-9901-9117D9C24001}"
EndProject
Project("{FAE04EC0-301F-11D3-BF4B-00C04F79EFBC}") = "WebAPI", "WebAPI\WebAPI.csproj", "{9119DADA-7ABE-459B-A439-63630FEE435A}"
EndProject
Global
	GlobalSection(SolutionConfigurationPlatforms) = preSolution
		Debug|Any CPU = Debug|Any CPU
		Release|Any CPU = Release|Any CPU
	EndGlobalSection
	GlobalSection(ProjectConfigurationPlatforms) = postSolution
		{05D0C392-21B6-40F4-9DC1-36084998C3EF}.Debug|Any CPU.ActiveCfg = Debug|Any CPU
		{05D0C392-21B6-40F4-9DC1-36084998C3EF}.Debug|Any CPU.Build.0 = Debug|Any CPU
		{05D0C392-21B6-40F4-9DC1-36084998C3EF}.Release|Any CPU.ActiveCfg = Release|Any CPU
		{05D0C392-21B6-40F4-9DC1-36084998C3EF}.Release|Any CPU.Build.0 = Release|Any CPU
		{11FDB5F4-89C1-4911-B6EC-8C708779E92A}.Debug|Any CPU.ActiveCfg = Debug|Any CPU
		{11FDB5F4-89C1-4911-B6EC-8C708779E92A}.Debug|Any CPU.Build.0 = Debug|Any CPU
		{11FDB5F4-89C1-4911-B6EC-8C708779E92A}.Release|Any CPU.ActiveCfg = Release|Any CPU
		{11FDB5F4-89C1-4911-B6EC-8C708779E92A}.Release|Any CPU.Build.0 = Release|Any CPU
		{236DF79A-80FF-464E-9B69-FDEEC983BA0A}.Debug|Any CPU.ActiveCfg = Debug|Any CPU
		{236DF79A-80FF-464E-9B69-FDEEC983BA0A}.Debug|Any CPU.Build.0 = Debug|Any CPU
		{236DF79A-80FF-464E-9B69-FDEEC983BA0A}.Release|Any CPU.ActiveCfg = Release|Any CPU
		{236DF79A-80FF-464E-9B69-FDEEC983BA0A}.Release|Any CPU.Build.0 = Release|Any CPU
		{2D7CE25F-A2CA-4924-B377-737059F9E5E9}.Debug|Any CPU.ActiveCfg = Debug|Any CPU
		{2D7CE25F-A2CA-4924-B377-737059F9E5E9}.Debug|Any CPU.Build.0 = Debug|Any CPU
		{2D7CE25F-A2CA-4924-B377-737059F9E5E9}.Release|Any CPU.ActiveCfg = Release|Any CPU
		{2D7CE25F-A2CA-4924-B377-737059F9E5E9}.Release|Any CPU.Build.0 = Release|Any CPU
		{52DF7C5A-6409-429B-9901-9117D9C24001}.Debug|Any CPU.ActiveCfg = Debug|Any CPU
		{52DF7C5A-6409-429B-9901-9117D9C24001}.Debug|Any CPU.Build.0 = Debug|Any CPU
		{52DF7C5A-6409-429B-9901-9117D9C24001}.Release|Any CPU.ActiveCfg = Release|Any CPU
		{52DF7C5A-6409-429B-9901-9117D9C24001}.Release|Any CPU.Build.0 = Release|Any CPU
		{9119DADA-7ABE-459B-A439-63630FEE435A}.Debug|Any CPU.ActiveCfg = Debug|Any CPU
		{9119DADA-7ABE-459B-A439-63630FEE435A}.Debug|Any CPU.Build.0 = Debug|Any CPU
		{9119DADA-7ABE-459B-A439-63630FEE435A}.Release|Any CPU.ActiveCfg = Release|Any CPU
		{9119DADA-7ABE-459B-A439-63630FEE435A}.Release|Any CPU.Build.0 = Release|Any CPU
	EndGlobalSection
	GlobalSection(SolutionProperties) = preSolution
		HideSolutionNode = FALSE
	EndGlobalSection
	GlobalSection(ExtensibilityGlobals) = postSolution
		SolutionGuid = {A615E04D-A46D-4CEC-9127-0D40608B6794}
	EndGlobalSection
EndGlobal
